
Microsoft Visual Studio Solution File, Format Version 12.00
# Visual Studio Version 16
VisualStudioVersion = 16.0.33027.164
MinimumVisualStudioVersion = 10.0.40219.1
Project("{FAE04EC0-301F-11D3-BF4B-00C04F79EFBC}") = "EvitelApp", "EvitelApp\EvitelApp.csproj", "{72D7BD26-4C0F-48DC-9E59-40DD23285130}"
EndProject
Project("{FAE04EC0-301F-11D3-BF4B-00C04F79EFBC}") = "EvitelLib", "..\EvitelLib\EvitelLib.csproj", "{D6D6B9C4-9EE8-4ED4-8E0C-10AF6E8FF28B}"
EndProject
Project("{2150E333-8FDC-42A3-9474-1A3956D46DE8}") = "Solution Items", "Solution Items", "{BAE019C0-9C89-47AE-84EE-16D2C8CA490D}"
	ProjectSection(SolutionItems) = preProject
		EF.txt = EF.txt
		History.txt = History.txt
	EndProjectSection
EndProject
Project("{FAE04EC0-301F-11D3-BF4B-00C04F79EFBC}") = "UnitTest", "..\UnitTest\UnitTest.csproj", "{20554A99-7C05-4E3B-A82B-537CCE2BB3FF}"
EndProject
Global
	GlobalSection(SolutionConfigurationPlatforms) = preSolution
		Debug|Any CPU = Debug|Any CPU
		Release|Any CPU = Release|Any CPU
	EndGlobalSection
	GlobalSection(ProjectConfigurationPlatforms) = postSolution
		{72D7BD26-4C0F-48DC-9E59-40DD23285130}.Debug|Any CPU.ActiveCfg = Debug|Any CPU
		{72D7BD26-4C0F-48DC-9E59-40DD23285130}.Debug|Any CPU.Build.0 = Debug|Any CPU
		{72D7BD26-4C0F-48DC-9E59-40DD23285130}.Release|Any CPU.ActiveCfg = Release|Any CPU
		{72D7BD26-4C0F-48DC-9E59-40DD23285130}.Release|Any CPU.Build.0 = Release|Any CPU
		{D6D6B9C4-9EE8-4ED4-8E0C-10AF6E8FF28B}.Debug|Any CPU.ActiveCfg = Debug|Any CPU
		{D6D6B9C4-9EE8-4ED4-8E0C-10AF6E8FF28B}.Debug|Any CPU.Build.0 = Debug|Any CPU
		{D6D6B9C4-9EE8-4ED4-8E0C-10AF6E8FF28B}.Release|Any CPU.ActiveCfg = Release|Any CPU
		{D6D6B9C4-9EE8-4ED4-8E0C-10AF6E8FF28B}.Release|Any CPU.Build.0 = Release|Any CPU
		{20554A99-7C05-4E3B-A82B-537CCE2BB3FF}.Debug|Any CPU.ActiveCfg = Debug|Any CPU
		{20554A99-7C05-4E3B-A82B-537CCE2BB3FF}.Debug|Any CPU.Build.0 = Debug|Any CPU
		{20554A99-7C05-4E3B-A82B-537CCE2BB3FF}.Release|Any CPU.ActiveCfg = Release|Any CPU
		{20554A99-7C05-4E3B-A82B-537CCE2BB3FF}.Release|Any CPU.Build.0 = Release|Any CPU
	EndGlobalSection
	GlobalSection(SolutionProperties) = preSolution
		HideSolutionNode = FALSE
	EndGlobalSection
	GlobalSection(ExtensibilityGlobals) = postSolution
		SolutionGuid = {47D4DD12-CC83-40B8-BED0-BCC398BEF328}
	EndGlobalSection
EndGlobal
